PODS:
  - Fritz (5.0.2):
    - Fritz/Vision (= 5.0.2)
  - Fritz/Vision (5.0.2):
    - FritzBase/Vision (= 5.0.2)
  - Fritz/VisionLabelModel/Fast (5.0.2):
    - FritzVisionLabelModelFast (~> 5.0.1)
  - FritzBase/Core (5.0.2)
  - FritzBase/CoreMLHelpers (5.0.2)
  - FritzBase/ManagedModel (5.0.2):
    - FritzBase/Core (= 5.0.2)
  - FritzBase/Vision (5.0.2):
    - FritzBase/Core (= 5.0.2)
    - FritzBase/CoreMLHelpers (= 5.0.2)
    - FritzBase/ManagedModel (= 5.0.2)
  - FritzVisionLabelModelFast (5.0.1):
    - FritzBase/Vision (~> 5.0.1)

DEPENDENCIES:
  - Fritz (~> 5.0.2)
  - Fritz/VisionLabelModel/Fast

SPEC REPOS:
  trunk:
    - Fritz
    - FritzBase
    - FritzVisionLabelModelFast

SPEC CHECKSUMS:
  Fritz: 89d75a3705008fe851ef28437ab36f0cc7b3c100
  FritzBase: 6c4074819a46851033316060c4194c17a61edf75
  FritzVisionLabelModelFast: ccb5a523802699adf7030e8f54ada46a0bf56e70

PODFILE CHECKSUM: e66b3899edbba0f7b7d1fd0628e9bcfebf4ff1ee

COCOAPODS: 1.8.4
